// !$*UTF8*$!
{
	archiveVersion = 1;
	classes = {
	};
	objectVersion = 50;
	objects = {

/* Begin PBXBuildFile section */
		060583B3246EDF6500610DEC /* LoginButton.swift in Sources */ = {isa = PBXBuildFile; fileRef = 060583B2246EDF6500610DEC /* LoginButton.swift */; };
		067146BD2465E03400DC70F8 /* HttpClient.swift in Sources */ = {isa = PBXBuildFile; fileRef = 067146BC2465E03400DC70F8 /* HttpClient.swift */; };
		067146BF2465E86C00DC70F8 /* OnHttpCompleteHandler.swift in Sources */ = {isa = PBXBuildFile; fileRef = 067146BE2465E86C00DC70F8 /* OnHttpCompleteHandler.swift */; };
		067146C22465ECCE00DC70F8 /* GithubService.swift in Sources */ = {isa = PBXBuildFile; fileRef = 067146C12465ECCE00DC70F8 /* GithubService.swift */; };
		067146C92465F1A300DC70F8 /* Localizable.strings in Resources */ = {isa = PBXBuildFile; fileRef = 067146C82465F1A300DC70F8 /* Localizable.strings */; };
		067146D424665BF200DC70F8 /* LoginView.swift in Sources */ = {isa = PBXBuildFile; fileRef = 067146D324665BF200DC70F8 /* LoginView.swift */; };
		067146D624665BFE00DC70F8 /* LoginViewController.swift in Sources */ = {isa = PBXBuildFile; fileRef = 067146D524665BFE00DC70F8 /* LoginViewController.swift */; };
		067146EA246761EA00DC70F8 /* LoginViewModel.swift in Sources */ = {isa = PBXBuildFile; fileRef = 067146E9246761EA00DC70F8 /* LoginViewModel.swift */; };
		067146EC2467625F00DC70F8 /* LoginService.swift in Sources */ = {isa = PBXBuildFile; fileRef = 067146EB2467625F00DC70F8 /* LoginService.swift */; };
		067146EE246762AF00DC70F8 /* LoginTokenResponse.swift in Sources */ = {isa = PBXBuildFile; fileRef = 067146ED246762AF00DC70F8 /* LoginTokenResponse.swift */; };
		067146F22467BB6A00DC70F8 /* GithubAuthUser.swift in Sources */ = {isa = PBXBuildFile; fileRef = 067146F12467BB6A00DC70F8 /* GithubAuthUser.swift */; };
		067146F52468D72D00DC70F8 /* StateService.swift in Sources */ = {isa = PBXBuildFile; fileRef = 067146F42468D72D00DC70F8 /* StateService.swift */; };
		067146F72468D76D00DC70F8 /* LoginState.swift in Sources */ = {isa = PBXBuildFile; fileRef = 067146F62468D76D00DC70F8 /* LoginState.swift */; };
		067146FB2468E0AE00DC70F8 /* LoginToken.swift in Sources */ = {isa = PBXBuildFile; fileRef = 067146FA2468E0AE00DC70F8 /* LoginToken.swift */; };
		06768D9B245BA49100BB842A /* AppDelegate.swift in Sources */ = {isa = PBXBuildFile; fileRef = 06768D9A245BA49100BB842A /* AppDelegate.swift */; };
		06768D9D245BA49100BB842A /* SceneDelegate.swift in Sources */ = {isa = PBXBuildFile; fileRef = 06768D9C245BA49100BB842A /* SceneDelegate.swift */; };
		06768DA0245BA49100BB842A /* github_pr.xcdatamodeld in Sources */ = {isa = PBXBuildFile; fileRef = 06768D9E245BA49100BB842A /* github_pr.xcdatamodeld */; };
		06768DA2245BA49100BB842A /* ContentView.swift in Sources */ = {isa = PBXBuildFile; fileRef = 06768DA1245BA49100BB842A /* ContentView.swift */; };
		06768DA4245BA49200BB842A /* Assets.xcassets in Resources */ = {isa = PBXBuildFile; fileRef = 06768DA3245BA49200BB842A /* Assets.xcassets */; };
		06768DA7245BA49200BB842A /* Preview Assets.xcassets in Resources */ = {isa = PBXBuildFile; fileRef = 06768DA6245BA49200BB842A /* Preview Assets.xcassets */; };
		06768DAA245BA49200BB842A /* LaunchScreen.storyboard in Resources */ = {isa = PBXBuildFile; fileRef = 06768DA8245BA49200BB842A /* LaunchScreen.storyboard */; };
		06768DB4245BA5E700BB842A /* PullRequestView.swift in Sources */ = {isa = PBXBuildFile; fileRef = 06768DB3245BA5E700BB842A /* PullRequestView.swift */; };
		06768DB6245BA5F800BB842A /* PullRequestViewController.swift in Sources */ = {isa = PBXBuildFile; fileRef = 06768DB5245BA5F800BB842A /* PullRequestViewController.swift */; };
		06768DBA245BA6A800BB842A /* LoggerService.swift in Sources */ = {isa = PBXBuildFile; fileRef = 06768DB9245BA6A800BB842A /* LoggerService.swift */; };
		06768DBD245BA8EC00BB842A /* AccountView.swift in Sources */ = {isa = PBXBuildFile; fileRef = 06768DBC245BA8EC00BB842A /* AccountView.swift */; };
		06768DBF245BA8FD00BB842A /* AccountViewController.swift in Sources */ = {isa = PBXBuildFile; fileRef = 06768DBE245BA8FD00BB842A /* AccountViewController.swift */; };
		06768DC7245BAE2700BB842A /* MainView.swift in Sources */ = {isa = PBXBuildFile; fileRef = 06768DC6245BAE2700BB842A /* MainView.swift */; };
		06768DCF245BB68D00BB842A /* Theme.swift in Sources */ = {isa = PBXBuildFile; fileRef = 06768DCE245BB68D00BB842A /* Theme.swift */; };
/* End PBXBuildFile section */

/* Begin PBXFileReference section */
		060583B2246EDF6500610DEC /* LoginButton.swift */ = {isa = PBXFileReference; lastKnownFileType = sourcecode.swift; path = LoginButton.swift; sourceTree = "<group>"; };
		067146BC2465E03400DC70F8 /* HttpClient.swift */ = {isa = PBXFileReference; lastKnownFileType = sourcecode.swift; path = HttpClient.swift; sourceTree = "<group>"; };
		067146BE2465E86C00DC70F8 /* OnHttpCompleteHandler.swift */ = {isa = PBXFileReference; lastKnownFileType = sourcecode.swift; path = OnHttpCompleteHandler.swift; sourceTree = "<group>"; };
		067146C12465ECCE00DC70F8 /* GithubService.swift */ = {isa = PBXFileReference; lastKnownFileType = sourcecode.swift; path = GithubService.swift; sourceTree = "<group>"; };
		067146C82465F1A300DC70F8 /* Localizable.strings */ = {isa = PBXFileReference; lastKnownFileType = text.plist.strings; path = Localizable.strings; sourceTree = "<group>"; };
		067146D324665BF200DC70F8 /* LoginView.swift */ = {isa = PBXFileReference; lastKnownFileType = sourcecode.swift; path = LoginView.swift; sourceTree = "<group>"; };
		067146D524665BFE00DC70F8 /* LoginViewController.swift */ = {isa = PBXFileReference; lastKnownFileType = sourcecode.swift; path = LoginViewController.swift; sourceTree = "<group>"; };
		067146E9246761EA00DC70F8 /* LoginViewModel.swift */ = {isa = PBXFileReference; lastKnownFileType = sourcecode.swift; path = LoginViewModel.swift; sourceTree = "<group>"; };
		067146EB2467625F00DC70F8 /* LoginService.swift */ = {isa = PBXFileReference; lastKnownFileType = sourcecode.swift; path = LoginService.swift; sourceTree = "<group>"; };
		067146ED246762AF00DC70F8 /* LoginTokenResponse.swift */ = {isa = PBXFileReference; lastKnownFileType = sourcecode.swift; path = LoginTokenResponse.swift; sourceTree = "<group>"; };
		067146F12467BB6A00DC70F8 /* GithubAuthUser.swift */ = {isa = PBXFileReference; lastKnownFileType = sourcecode.swift; path = GithubAuthUser.swift; sourceTree = "<group>"; };
		067146F42468D72D00DC70F8 /* StateService.swift */ = {isa = PBXFileReference; lastKnownFileType = sourcecode.swift; path = StateService.swift; sourceTree = "<group>"; };
		067146F62468D76D00DC70F8 /* LoginState.swift */ = {isa = PBXFileReference; lastKnownFileType = sourcecode.swift; path = LoginState.swift; sourceTree = "<group>"; };
		067146FA2468E0AE00DC70F8 /* LoginToken.swift */ = {isa = PBXFileReference; lastKnownFileType = sourcecode.swift; path = LoginToken.swift; sourceTree = "<group>"; };
		06768D97245BA49100BB842A /* github-pr.app */ = {isa = PBXFileReference; explicitFileType = wrapper.application; includeInIndex = 0; path = "github-pr.app"; sourceTree = BUILT_PRODUCTS_DIR; };
		06768D9A245BA49100BB842A /* AppDelegate.swift */ = {isa = PBXFileReference; lastKnownFileType = sourcecode.swift; path = AppDelegate.swift; sourceTree = "<group>"; };
		06768D9C245BA49100BB842A /* SceneDelegate.swift */ = {isa = PBXFileReference; lastKnownFileType = sourcecode.swift; path = SceneDelegate.swift; sourceTree = "<group>"; };
		06768D9F245BA49100BB842A /* github_pr.xcdatamodel */ = {isa = PBXFileReference; lastKnownFileType = wrapper.xcdatamodel; path = github_pr.xcdatamodel; sourceTree = "<group>"; };
		06768DA1245BA49100BB842A /* ContentView.swift */ = {isa = PBXFileReference; lastKnownFileType = sourcecode.swift; path = ContentView.swift; sourceTree = "<group>"; };
		06768DA3245BA49200BB842A /* Assets.xcassets */ = {isa = PBXFileReference; lastKnownFileType = folder.assetcatalog; path = Assets.xcassets; sourceTree = "<group>"; };
		06768DA6245BA49200BB842A /* Preview Assets.xcassets */ = {isa = PBXFileReference; lastKnownFileType = folder.assetcatalog; path = "Preview Assets.xcassets"; sourceTree = "<group>"; };
		06768DA9245BA49200BB842A /* Base */ = {isa = PBXFileReference; lastKnownFileType = file.storyboard; name = Base; path = Base.lproj/LaunchScreen.storyboard; sourceTree = "<group>"; };
		06768DAB245BA49200BB842A /* Info.plist */ = {isa = PBXFileReference; lastKnownFileType = text.plist.xml; path = Info.plist; sourceTree = "<group>"; };
		06768DB3245BA5E700BB842A /* PullRequestView.swift */ = {isa = PBXFileReference; lastKnownFileType = sourcecode.swift; path = PullRequestView.swift; sourceTree = "<group>"; };
		06768DB5245BA5F800BB842A /* PullRequestViewController.swift */ = {isa = PBXFileReference; lastKnownFileType = sourcecode.swift; path = PullRequestViewController.swift; sourceTree = "<group>"; };
		06768DB9245BA6A800BB842A /* LoggerService.swift */ = {isa = PBXFileReference; lastKnownFileType = sourcecode.swift; path = LoggerService.swift; sourceTree = "<group>"; };
		06768DBC245BA8EC00BB842A /* AccountView.swift */ = {isa = PBXFileReference; lastKnownFileType = sourcecode.swift; path = AccountView.swift; sourceTree = "<group>"; };
		06768DBE245BA8FD00BB842A /* AccountViewController.swift */ = {isa = PBXFileReference; lastKnownFileType = sourcecode.swift; path = AccountViewController.swift; sourceTree = "<group>"; };
		06768DC6245BAE2700BB842A /* MainView.swift */ = {isa = PBXFileReference; lastKnownFileType = sourcecode.swift; path = MainView.swift; sourceTree = "<group>"; };
		06768DCE245BB68D00BB842A /* Theme.swift */ = {isa = PBXFileReference; lastKnownFileType = sourcecode.swift; path = Theme.swift; sourceTree = "<group>"; };
/* End PBXFileReference section */

/* Begin PBXFrameworksBuildPhase section */
		06768D94245BA49000BB842A /* Frameworks */ = {
			isa = PBXFrameworksBuildPhase;
			buildActionMask = 2147483647;
			files = (
			);
			runOnlyForDeploymentPostprocessing = 0;
		};
/* End PBXFrameworksBuildPhase section */

/* Begin PBXGroup section */
		067146BB2465E01B00DC70F8 /* HttpClient */ = {
			isa = PBXGroup;
			children = (
				067146BC2465E03400DC70F8 /* HttpClient.swift */,
				067146BE2465E86C00DC70F8 /* OnHttpCompleteHandler.swift */,
			);
			path = HttpClient;
			sourceTree = "<group>";
		};
		067146C02465ECB400DC70F8 /* Github */ = {
			isa = PBXGroup;
			children = (
				067146C12465ECCE00DC70F8 /* GithubService.swift */,
				067146F12467BB6A00DC70F8 /* GithubAuthUser.swift */,
			);
			path = Github;
			sourceTree = "<group>";
		};
		067146D224665BDA00DC70F8 /* Login */ = {
			isa = PBXGroup;
			children = (
				067146D324665BF200DC70F8 /* LoginView.swift */,
				067146D524665BFE00DC70F8 /* LoginViewController.swift */,
				067146E9246761EA00DC70F8 /* LoginViewModel.swift */,
				067146EB2467625F00DC70F8 /* LoginService.swift */,
				067146ED246762AF00DC70F8 /* LoginTokenResponse.swift */,
				067146F62468D76D00DC70F8 /* LoginState.swift */,
				067146FA2468E0AE00DC70F8 /* LoginToken.swift */,
				060583B2246EDF6500610DEC /* LoginButton.swift */,
			);
			path = Login;
			sourceTree = "<group>";
		};
		067146F32468D71B00DC70F8 /* State */ = {
			isa = PBXGroup;
			children = (
				067146F42468D72D00DC70F8 /* StateService.swift */,
			);
			path = State;
			sourceTree = "<group>";
		};
		06768D8E245BA49000BB842A = {
			isa = PBXGroup;
			children = (
				06768D99245BA49100BB842A /* github-pr */,
				06768D98245BA49100BB842A /* Products */,
			);
			sourceTree = "<group>";
		};
		06768D98245BA49100BB842A /* Products */ = {
			isa = PBXGroup;
			children = (
				06768D97245BA49100BB842A /* github-pr.app */,
			);
			name = Products;
			sourceTree = "<group>";
		};
		06768D99245BA49100BB842A /* github-pr */ = {
			isa = PBXGroup;
			children = (
				06768DB7245BA69200BB842A /* Core */,
				06768DB2245BA5AE00BB842A /* Features */,
				06768D9A245BA49100BB842A /* AppDelegate.swift */,
				067146C82465F1A300DC70F8 /* Localizable.strings */,
				06768D9C245BA49100BB842A /* SceneDelegate.swift */,
				06768DA1245BA49100BB842A /* ContentView.swift */,
				06768DA3245BA49200BB842A /* Assets.xcassets */,
				06768DA8245BA49200BB842A /* LaunchScreen.storyboard */,
				06768DAB245BA49200BB842A /* Info.plist */,
				06768D9E245BA49100BB842A /* github_pr.xcdatamodeld */,
				06768DA5245BA49200BB842A /* Preview Content */,
			);
			path = "github-pr";
			sourceTree = "<group>";
		};
		06768DA5245BA49200BB842A /* Preview Content */ = {
			isa = PBXGroup;
			children = (
				06768DA6245BA49200BB842A /* Preview Assets.xcassets */,
			);
			path = "Preview Content";
			sourceTree = "<group>";
		};
		06768DB1245BA56300BB842A /* PullRequest */ = {
			isa = PBXGroup;
			children = (
				06768DB3245BA5E700BB842A /* PullRequestView.swift */,
				06768DB5245BA5F800BB842A /* PullRequestViewController.swift */,
			);
			path = PullRequest;
			sourceTree = "<group>";
		};
		06768DB2245BA5AE00BB842A /* Features */ = {
			isa = PBXGroup;
			children = (
				067146D224665BDA00DC70F8 /* Login */,
				06768DC5245BAD7D00BB842A /* Main */,
			);
			path = Features;
			sourceTree = "<group>";
		};
		06768DB7245BA69200BB842A /* Core */ = {
			isa = PBXGroup;
			children = (
				067146F32468D71B00DC70F8 /* State */,
				067146C02465ECB400DC70F8 /* Github */,
				067146BB2465E01B00DC70F8 /* HttpClient */,
				06768DCD245BB66F00BB842A /* Theme */,
				06768DB8245BA69900BB842A /* Logger */,
			);
			path = Core;
			sourceTree = "<group>";
		};
		06768DB8245BA69900BB842A /* Logger */ = {
			isa = PBXGroup;
			children = (
				06768DB9245BA6A800BB842A /* LoggerService.swift */,
			);
			path = Logger;
			sourceTree = "<group>";
		};
		06768DBB245BA8B500BB842A /* Account */ = {
			isa = PBXGroup;
			children = (
				06768DBC245BA8EC00BB842A /* AccountView.swift */,
				06768DBE245BA8FD00BB842A /* AccountViewController.swift */,
			);
			path = Account;
			sourceTree = "<group>";
		};
		06768DC5245BAD7D00BB842A /* Main */ = {
			isa = PBXGroup;
			children = (
				06768DC6245BAE2700BB842A /* MainView.swift */,
				06768DB1245BA56300BB842A /* PullRequest */,
				06768DBB245BA8B500BB842A /* Account */,
			);
			path = Main;
			sourceTree = "<group>";
		};
		06768DCD245BB66F00BB842A /* Theme */ = {
			isa = PBXGroup;
			children = (
				06768DCE245BB68D00BB842A /* Theme.swift */,
			);
			path = Theme;
			sourceTree = "<group>";
		};
/* End PBXGroup section */

/* Begin PBXNativeTarget section */
		06768D96245BA49000BB842A /* github-pr */ = {
			isa = PBXNativeTarget;
			buildConfigurationList = 06768DAE245BA49200BB842A /* Build configuration list for PBXNativeTarget "github-pr" */;
			buildPhases = (
				06768D93245BA49000BB842A /* Sources */,
				06768D94245BA49000BB842A /* Frameworks */,
				06768D95245BA49000BB842A /* Resources */,
			);
			buildRules = (
			);
			dependencies = (
			);
			name = "github-pr";
			productName = "github-pr";
			productReference = 06768D97245BA49100BB842A /* github-pr.app */;
			productType = "com.apple.product-type.application";
		};
/* End PBXNativeTarget section */

/* Begin PBXProject section */
		06768D8F245BA49000BB842A /* Project object */ = {
			isa = PBXProject;
			attributes = {
				LastSwiftUpdateCheck = 1140;
				LastUpgradeCheck = 1140;
				ORGANIZATIONNAME = "Alex Acebo";
				TargetAttributes = {
					06768D96245BA49000BB842A = {
						CreatedOnToolsVersion = 11.4.1;
					};
				};
			};
			buildConfigurationList = 06768D92245BA49000BB842A /* Build configuration list for PBXProject "github-pr" */;
			compatibilityVersion = "Xcode 9.3";
			developmentRegion = en;
			hasScannedForEncodings = 0;
			knownRegions = (
				en,
				Base,
			);
			mainGroup = 06768D8E245BA49000BB842A;
			productRefGroup = 06768D98245BA49100BB842A /* Products */;
			projectDirPath = "";
			projectRoot = "";
			targets = (
				06768D96245BA49000BB842A /* github-pr */,
			);
		};
/* End PBXProject section */

/* Begin PBXResourcesBuildPhase section */
		06768D95245BA49000BB842A /* Resources */ = {
			isa = PBXResourcesBuildPhase;
			buildActionMask = 2147483647;
			files = (
				067146C92465F1A300DC70F8 /* Localizable.strings in Resources */,
				06768DAA245BA49200BB842A /* LaunchScreen.storyboard in Resources */,
				06768DA7245BA49200BB842A /* Preview Assets.xcassets in Resources */,
				06768DA4245BA49200BB842A /* Assets.xcassets in Resources */,
			);
			runOnlyForDeploymentPostprocessing = 0;
		};
/* End PBXResourcesBuildPhase section */

/* Begin PBXSourcesBuildPhase section */
		06768D93245BA49000BB842A /* Sources */ = {
			isa = PBXSourcesBuildPhase;
			buildActionMask = 2147483647;
			files = (
				06768D9B245BA49100BB842A /* AppDelegate.swift in Sources */,
				060583B3246EDF6500610DEC /* LoginButton.swift in Sources */,
				06768DC7245BAE2700BB842A /* MainView.swift in Sources */,
				067146EE246762AF00DC70F8 /* LoginTokenResponse.swift in Sources */,
				067146F72468D76D00DC70F8 /* LoginState.swift in Sources */,
				06768DB6245BA5F800BB842A /* PullRequestViewController.swift in Sources */,
				06768D9D245BA49100BB842A /* SceneDelegate.swift in Sources */,
				067146FB2468E0AE00DC70F8 /* LoginToken.swift in Sources */,
				06768DB4245BA5E700BB842A /* PullRequestView.swift in Sources */,
				06768DBD245BA8EC00BB842A /* AccountView.swift in Sources */,
				067146EA246761EA00DC70F8 /* LoginViewModel.swift in Sources */,
				06768DA2245BA49100BB842A /* ContentView.swift in Sources */,
				067146BF2465E86C00DC70F8 /* OnHttpCompleteHandler.swift in Sources */,
				067146C22465ECCE00DC70F8 /* GithubService.swift in Sources */,
				067146BD2465E03400DC70F8 /* HttpClient.swift in Sources */,
				067146EC2467625F00DC70F8 /* LoginService.swift in Sources */,
				06768DA0245BA49100BB842A /* github_pr.xcdatamodeld in Sources */,
				067146F52468D72D00DC70F8 /* StateService.swift in Sources */,
				06768DBA245BA6A800BB842A /* LoggerService.swift in Sources */,
				067146F22467BB6A00DC70F8 /* GithubAuthUser.swift in Sources */,
				06768DCF245BB68D00BB842A /* Theme.swift in Sources */,
				067146D424665BF200DC70F8 /* LoginView.swift in Sources */,
				06768DBF245BA8FD00BB842A /* AccountViewController.swift in Sources */,
				067146D624665BFE00DC70F8 /* LoginViewController.swift in Sources */,
			);
			runOnlyForDeploymentPostprocessing = 0;
		};
/* End PBXSourcesBuildPhase section */

/* Begin PBXVariantGroup section */
		06768DA8245BA49200BB842A /* LaunchScreen.storyboard */ = {
			isa = PBXVariantGroup;
			children = (
				06768DA9245BA49200BB842A /* Base */,
			);
			name = LaunchScreen.storyboard;
			sourceTree = "<group>";
		};
/* End PBXVariantGroup section */

/* Begin XCBuildConfiguration section */
		06768DAC245BA49200BB842A /* Debug */ = {
			isa = XCBuildConfiguration;
			buildSettings = {
				ALWAYS_SEARCH_USER_PATHS = NO;
				CLANG_ANALYZER_NONNULL = YES;
				CLANG_ANALYZER_NUMBER_OBJECT_CONVERSION = YES_AGGRESSIVE;
				CLANG_CXX_LANGUAGE_STANDARD = "gnu++14";
				CLANG_CXX_LIBRARY = "libc++";
				CLANG_ENABLE_MODULES = YES;
				CLANG_ENABLE_OBJC_ARC = YES;
				CLANG_ENABLE_OBJC_WEAK = YES;
				CLANG_WARN_BLOCK_CAPTURE_AUTORELEASING = YES;
				CLANG_WARN_BOOL_CONVERSION = YES;
				CLANG_WARN_COMMA = YES;
				CLANG_WARN_CONSTANT_CONVERSION = YES;
				CLANG_WARN_DEPRECATED_OBJC_IMPLEMENTATIONS = YES;
				CLANG_WARN_DIRECT_OBJC_ISA_USAGE = YES_ERROR;
				CLANG_WARN_DOCUMENTATION_COMMENTS = YES;
				CLANG_WARN_EMPTY_BODY = YES;
				CLANG_WARN_ENUM_CONVERSION = YES;
				CLANG_WARN_INFINITE_RECURSION = YES;
				CLANG_WARN_INT_CONVERSION = YES;
				CLANG_WARN_NON_LITERAL_NULL_CONVERSION = YES;
				CLANG_WARN_OBJC_IMPLICIT_RETAIN_SELF = YES;
				CLANG_WARN_OBJC_LITERAL_CONVERSION = YES;
				CLANG_WARN_OBJC_ROOT_CLASS = YES_ERROR;
				CLANG_WARN_RANGE_LOOP_ANALYSIS = YES;
				CLANG_WARN_STRICT_PROTOTYPES = YES;
				CLANG_WARN_SUSPICIOUS_MOVE = YES;
				CLANG_WARN_UNGUARDED_AVAILABILITY = YES_AGGRESSIVE;
				CLANG_WARN_UNREACHABLE_CODE = YES;
				CLANG_WARN__DUPLICATE_METHOD_MATCH = YES;
				COPY_PHASE_STRIP = NO;
				DEBUG_INFORMATION_FORMAT = dwarf;
				ENABLE_STRICT_OBJC_MSGSEND = YES;
				ENABLE_TESTABILITY = YES;
				GCC_C_LANGUAGE_STANDARD = gnu11;
				GCC_DYNAMIC_NO_PIC = NO;
				GCC_NO_COMMON_BLOCKS = YES;
				GCC_OPTIMIZATION_LEVEL = 0;
				GCC_PREPROCESSOR_DEFINITIONS = (
					"DEBUG=1",
					"$(inherited)",
				);
				GCC_WARN_64_TO_32_BIT_CONVERSION = YES;
				GCC_WARN_ABOUT_RETURN_TYPE = YES_ERROR;
				GCC_WARN_UNDECLARED_SELECTOR = YES;
				GCC_WARN_UNINITIALIZED_AUTOS = YES_AGGRESSIVE;
				GCC_WARN_UNUSED_FUNCTION = YES;
				GCC_WARN_UNUSED_VARIABLE = YES;
				IPHONEOS_DEPLOYMENT_TARGET = 13.4;
				MTL_ENABLE_DEBUG_INFO = INCLUDE_SOURCE;
				MTL_FAST_MATH = YES;
				ONLY_ACTIVE_ARCH = YES;
				SDKROOT = iphoneos;
				SWIFT_ACTIVE_COMPILATION_CONDITIONS = DEBUG;
				SWIFT_OPTIMIZATION_LEVEL = "-Onone";
			};
			name = Debug;
		};
		06768DAD245BA49200BB842A /* Release */ = {
			isa = XCBuildConfiguration;
			buildSettings = {
				ALWAYS_SEARCH_USER_PATHS = NO;
				CLANG_ANALYZER_NONNULL = YES;
				CLANG_ANALYZER_NUMBER_OBJECT_CONVERSION = YES_AGGRESSIVE;
				CLANG_CXX_LANGUAGE_STANDARD = "gnu++14";
				CLANG_CXX_LIBRARY = "libc++";
				CLANG_ENABLE_MODULES = YES;
				CLANG_ENABLE_OBJC_ARC = YES;
				CLANG_ENABLE_OBJC_WEAK = YES;
				CLANG_WARN_BLOCK_CAPTURE_AUTORELEASING = YES;
				CLANG_WARN_BOOL_CONVERSION = YES;
				CLANG_WARN_COMMA = YES;
				CLANG_WARN_CONSTANT_CONVERSION = YES;
				CLANG_WARN_DEPRECATED_OBJC_IMPLEMENTATIONS = YES;
				CLANG_WARN_DIRECT_OBJC_ISA_USAGE = YES_ERROR;
				CLANG_WARN_DOCUMENTATION_COMMENTS = YES;
				CLANG_WARN_EMPTY_BODY = YES;
				CLANG_WARN_ENUM_CONVERSION = YES;
				CLANG_WARN_INFINITE_RECURSION = YES;
				CLANG_WARN_INT_CONVERSION = YES;
				CLANG_WARN_NON_LITERAL_NULL_CONVERSION = YES;
				CLANG_WARN_OBJC_IMPLICIT_RETAIN_SELF = YES;
				CLANG_WARN_OBJC_LITERAL_CONVERSION = YES;
				CLANG_WARN_OBJC_ROOT_CLASS = YES_ERROR;
				CLANG_WARN_RANGE_LOOP_ANALYSIS = YES;
				CLANG_WARN_STRICT_PROTOTYPES = YES;
				CLANG_WARN_SUSPICIOUS_MOVE = YES;
				CLANG_WARN_UNGUARDED_AVAILABILITY = YES_AGGRESSIVE;
				CLANG_WARN_UNREACHABLE_CODE = YES;
				CLANG_WARN__DUPLICATE_METHOD_MATCH = YES;
				COPY_PHASE_STRIP = NO;
				DEBUG_INFORMATION_FORMAT = "dwarf-with-dsym";
				ENABLE_NS_ASSERTIONS = NO;
				ENABLE_STRICT_OBJC_MSGSEND = YES;
				GCC_C_LANGUAGE_STANDARD = gnu11;
				GCC_NO_COMMON_BLOCKS = YES;
				GCC_WARN_64_TO_32_BIT_CONVERSION = YES;
				GCC_WARN_ABOUT_RETURN_TYPE = YES_ERROR;
				GCC_WARN_UNDECLARED_SELECTOR = YES;
				GCC_WARN_UNINITIALIZED_AUTOS = YES_AGGRESSIVE;
				GCC_WARN_UNUSED_FUNCTION = YES;
				GCC_WARN_UNUSED_VARIABLE = YES;
				IPHONEOS_DEPLOYMENT_TARGET = 13.4;
				MTL_ENABLE_DEBUG_INFO = NO;
				MTL_FAST_MATH = YES;
				SDKROOT = iphoneos;
				SWIFT_COMPILATION_MODE = wholemodule;
				SWIFT_OPTIMIZATION_LEVEL = "-O";
				VALIDATE_PRODUCT = YES;
			};
			name = Release;
		};
		06768DAF245BA49200BB842A /* Debug */ = {
			isa = XCBuildConfiguration;
			buildSettings = {
				ASSETCATALOG_COMPILER_APPICON_NAME = AppIcon;
				CODE_SIGN_STYLE = Automatic;
				DEVELOPMENT_ASSET_PATHS = "\"github-pr/Preview Content\"";
				ENABLE_PREVIEWS = YES;
				INFOPLIST_FILE = "github-pr/Info.plist";
				LD_RUNPATH_SEARCH_PATHS = (
					"$(inherited)",
					"@executable_path/Frameworks",
				);
				PRODUCT_BUNDLE_IDENTIFIER = "com.aacebo.github-pr";
				PRODUCT_NAME = "$(TARGET_NAME)";
				SWIFT_VERSION = 5.0;
				TARGETED_DEVICE_FAMILY = "1,2";
			};
			name = Debug;
		};
		06768DB0245BA49200BB842A /* Release */ = {
			isa = XCBuildConfiguration;
			buildSettings = {
				ASSETCATALOG_COMPILER_APPICON_NAME = AppIcon;
				CODE_SIGN_STYLE = Automatic;
				DEVELOPMENT_ASSET_PATHS = "\"github-pr/Preview Content\"";
				ENABLE_PREVIEWS = YES;
				INFOPLIST_FILE = "github-pr/Info.plist";
				LD_RUNPATH_SEARCH_PATHS = (
					"$(inherited)",
					"@executable_path/Frameworks",
				);
				PRODUCT_BUNDLE_IDENTIFIER = "com.aacebo.github-pr";
				PRODUCT_NAME = "$(TARGET_NAME)";
				SWIFT_VERSION = 5.0;
				TARGETED_DEVICE_FAMILY = "1,2";
			};
			name = Release;
		};
/* End XCBuildConfiguration section */

/* Begin XCConfigurationList section */
		06768D92245BA49000BB842A /* Build configuration list for PBXProject "github-pr" */ = {
			isa = XCConfigurationList;
			buildConfigurations = (
				06768DAC245BA49200BB842A /* Debug */,
				06768DAD245BA49200BB842A /* Release */,
			);
			defaultConfigurationIsVisible = 0;
			defaultConfigurationName = Release;
		};
		06768DAE245BA49200BB842A /* Build configuration list for PBXNativeTarget "github-pr" */ = {
			isa = XCConfigurationList;
			buildConfigurations = (
				06768DAF245BA49200BB842A /* Debug */,
				06768DB0245BA49200BB842A /* Release */,
			);
			defaultConfigurationIsVisible = 0;
			defaultConfigurationName = Release;
		};
/* End XCConfigurationList section */

/* Begin XCVersionGroup section */
		06768D9E245BA49100BB842A /* github_pr.xcdatamodeld */ = {
			isa = XCVersionGroup;
			children = (
				06768D9F245BA49100BB842A /* github_pr.xcdatamodel */,
			);
			currentVersion = 06768D9F245BA49100BB842A /* github_pr.xcdatamodel */;
			path = github_pr.xcdatamodeld;
			sourceTree = "<group>";
			versionGroupType = wrapper.xcdatamodel;
		};
/* End XCVersionGroup section */
	};
	rootObject = 06768D8F245BA49000BB842A /* Project object */;
}
